lockfileVersion: '9.0'

settings:
  autoInstallPeers: true
  excludeLinksFromLockfile: false

importers:

  .:
    dependencies:
      '@breejs/later':
        specifier: ^4.2.0
        version: 4.2.0
      async:
        specifier: ^2.6.1
        version: 2.6.4
      deep-diff:
        specifier: ^0.3.8
        version: 0.3.8
      leo-logger:
        specifier: ^1.0.0
        version: 1.0.7
      leo-sdk:
        specifier: ^2.2.4
        version: 2.3.1
      lodash.merge:
        specifier: ^4.6.1
        version: 4.6.2
      moment:
        specifier: ^2.21.0
        version: 2.30.1
    devDependencies:
      babel-preset-env:
        specifier: ^1.6.1
        version: 1.7.0

packages:

  '@breejs/later@4.2.0':
    resolution: {integrity: sha512-EVMD0SgJtOuFeg0lAVbCwa+qeTKILb87jqvLyUtQswGD9+ce2nB52Y5zbTF1Hc0MDFfbydcMcxb47jSdhikVHA==}
    engines: {node: '>= 10'}

  ansi-regex@2.1.1:
    resolution: {integrity: sha512-TIGnTpdo+E3+pCyAluZvtED5p5wCqLdezCyhPZzKPcxvFplEt4i+W7OONCKgeZFT3+y5NZZfOOS/Bdcanm1MYA==}
    engines: {node: '>=0.10.0'}

  ansi-styles@2.2.1:
    resolution: {integrity: sha512-kmCevFghRiWM7HB5zTPULl4r9bVFSWjz62MhqizDGUrq2NWuNMQyuv4tHHoKJHs69M/MF64lEcHdYIocrdWQYA==}
    engines: {node: '>=0.10.0'}

  arguments-extended@0.0.3:
    resolution: {integrity: sha512-MNYdPKgCiywbgHAmNsYr1tSNLtfbSdwE1akZV+33hU9A8RG0lO5HAK9oMnw7y7bjYUhc04dJpcIBMUaPPYYtXg==}

  array-extended@0.0.11:
    resolution: {integrity: sha512-Fe4Ti2YgM1onQgrcCD8dUhFuZgHQxzqylSl1C5IDJVVVqY5D07h8RghIXL9sZ6COZ0e+oTL5IusTv5eXABJ9Kw==}

  async@2.6.4:
    resolution: {integrity: sha512-mzo5dfJYwAn29PeiJ0zvwTo04zj8HDJj0Mn8TD7sno7q12prdbnasKJHhkm2c1LgrhlJ0teaea8860oxi51mGA==}

  available-typed-arrays@1.0.7:
    resolution: {integrity: sha512-wvUjBtSGN7+7SjNpq/9M2Tg350UZD3q62IFZLbRAR1bSMlCo1ZaeW+BJ+D090e4hIIZLBcTDWe4Mh4jvUDajzQ==}
    engines: {node: '>= 0.4'}

  aws-sdk@2.1692.0:
    resolution: {integrity: sha512-x511uiJ/57FIsbgUe5csJ13k3uzu25uWQE+XqfBis/sB0SFoiElJWXRkgEAUh0U6n40eT3ay5Ue4oPkRMu1LYw==}
    engines: {node: '>= 10.0.0'}

  babel-code-frame@6.26.0:
    resolution: {integrity: sha512-XqYMR2dfdGMW+hd0IUZ2PwK+fGeFkOxZJ0wY+JaQAHzt1Zx8LcvpiZD2NiGkEG8qx0CfkAOr5xt76d1e8vG90g==}

  babel-helper-builder-binary-assignment-operator-visitor@6.24.1:
    resolution: {integrity: sha512-gCtfYORSG1fUMX4kKraymq607FWgMWg+j42IFPc18kFQEsmtaibP4UrqsXt8FlEJle25HUd4tsoDR7H2wDhe9Q==}

  babel-helper-call-delegate@6.24.1:
    resolution: {integrity: sha512-RL8n2NiEj+kKztlrVJM9JT1cXzzAdvWFh76xh/H1I4nKwunzE4INBXn8ieCZ+wh4zWszZk7NBS1s/8HR5jDkzQ==}

  babel-helper-define-map@6.26.0:
    resolution: {integrity: sha512-bHkmjcC9lM1kmZcVpA5t2om2nzT/xiZpo6TJq7UlZ3wqKfzia4veeXbIhKvJXAMzhhEBd3cR1IElL5AenWEUpA==}

  babel-helper-explode-assignable-expression@6.24.1:
    resolution: {integrity: sha512-qe5csbhbvq6ccry9G7tkXbzNtcDiH4r51rrPUbwwoTzZ18AqxWYRZT6AOmxrpxKnQBW0pYlBI/8vh73Z//78nQ==}

  babel-helper-function-name@6.24.1:
    resolution: {integrity: sha512-Oo6+e2iX+o9eVvJ9Y5eKL5iryeRdsIkwRYheCuhYdVHsdEQysbc2z2QkqCLIYnNxkT5Ss3ggrHdXiDI7Dhrn4Q==}

  babel-helper-get-function-arity@6.24.1:
    resolution: {integrity: sha512-WfgKFX6swFB1jS2vo+DwivRN4NB8XUdM3ij0Y1gnC21y1tdBoe6xjVnd7NSI6alv+gZXCtJqvrTeMW3fR/c0ng==}

  babel-helper-hoist-variables@6.24.1:
    resolution: {integrity: sha512-zAYl3tqerLItvG5cKYw7f1SpvIxS9zi7ohyGHaI9cgDUjAT6YcY9jIEH5CstetP5wHIVSceXwNS7Z5BpJg+rOw==}

  babel-helper-optimise-call-expression@6.24.1:
    resolution: {integrity: sha512-Op9IhEaxhbRT8MDXx2iNuMgciu2V8lDvYCNQbDGjdBNCjaMvyLf4wl4A3b8IgndCyQF8TwfgsQ8T3VD8aX1/pA==}

  babel-helper-regex@6.26.0:
    resolution: {integrity: sha512-VlPiWmqmGJp0x0oK27Out1D+71nVVCTSdlbhIVoaBAj2lUgrNjBCRR9+llO4lTSb2O4r7PJg+RobRkhBrf6ofg==}

  babel-helper-remap-async-to-generator@6.24.1:
    resolution: {integrity: sha512-RYqaPD0mQyQIFRu7Ho5wE2yvA/5jxqCIj/Lv4BXNq23mHYu/vxikOy2JueLiBxQknwapwrJeNCesvY0ZcfnlHg==}

  babel-helper-replace-supers@6.24.1:
    resolution: {integrity: sha512-sLI+u7sXJh6+ToqDr57Bv973kCepItDhMou0xCP2YPVmR1jkHSCY+p1no8xErbV1Siz5QE8qKT1WIwybSWlqjw==}

  babel-messages@6.23.0:
    resolution: {integrity: sha512-Bl3ZiA+LjqaMtNYopA9TYE9HP1tQ+E5dLxE0XrAzcIJeK2UqF0/EaqXwBn9esd4UmTfEab+P+UYQ1GnioFIb/w==}

  babel-plugin-check-es2015-constants@6.22.0:
    resolution: {integrity: sha512-B1M5KBP29248dViEo1owyY32lk1ZSH2DaNNrXLGt8lyjjHm7pBqAdQ7VKUPR6EEDO323+OvT3MQXbCin8ooWdA==}

  babel-plugin-syntax-async-functions@6.13.0:
    resolution: {integrity: sha512-4Zp4unmHgw30A1eWI5EpACji2qMocisdXhAftfhXoSV9j0Tvj6nRFE3tOmRY912E0FMRm/L5xWE7MGVT2FoLnw==}

  babel-plugin-syntax-exponentiation-operator@6.13.0:
    resolution: {integrity: sha512-Z/flU+T9ta0aIEKl1tGEmN/pZiI1uXmCiGFRegKacQfEJzp7iNsKloZmyJlQr+75FCJtiFfGIK03SiCvCt9cPQ==}

  babel-plugin-syntax-trailing-function-commas@6.22.0:
    resolution: {integrity: sha512-Gx9CH3Q/3GKbhs07Bszw5fPTlU+ygrOGfAhEt7W2JICwufpC4SuO0mG0+4NykPBSYPMJhqvVlDBU17qB1D+hMQ==}

  babel-plugin-transform-async-to-generator@6.24.1:
    resolution: {integrity: sha512-7BgYJujNCg0Ti3x0c/DL3tStvnKS6ktIYOmo9wginv/dfZOrbSZ+qG4IRRHMBOzZ5Awb1skTiAsQXg/+IWkZYw==}

  babel-plugin-transform-es2015-arrow-functions@6.22.0:
    resolution: {integrity: sha512-PCqwwzODXW7JMrzu+yZIaYbPQSKjDTAsNNlK2l5Gg9g4rz2VzLnZsStvp/3c46GfXpwkyufb3NCyG9+50FF1Vg==}

  babel-plugin-transform-es2015-block-scoped-functions@6.22.0:
    resolution: {integrity: sha512-2+ujAT2UMBzYFm7tidUsYh+ZoIutxJ3pN9IYrF1/H6dCKtECfhmB8UkHVpyxDwkj0CYbQG35ykoz925TUnBc3A==}

  babel-plugin-transform-es2015-block-scoping@6.26.0:
    resolution: {integrity: sha512-YiN6sFAQ5lML8JjCmr7uerS5Yc/EMbgg9G8ZNmk2E3nYX4ckHR01wrkeeMijEf5WHNK5TW0Sl0Uu3pv3EdOJWw==}

  babel-plugin-transform-es2015-classes@6.24.1:
    resolution: {integrity: sha512-5Dy7ZbRinGrNtmWpquZKZ3EGY8sDgIVB4CU8Om8q8tnMLrD/m94cKglVcHps0BCTdZ0TJeeAWOq2TK9MIY6cag==}

  babel-plugin-transform-es2015-computed-properties@6.24.1:
    resolution: {integrity: sha512-C/uAv4ktFP/Hmh01gMTvYvICrKze0XVX9f2PdIXuriCSvUmV9j+u+BB9f5fJK3+878yMK6dkdcq+Ymr9mrcLzw==}

  babel-plugin-transform-es2015-destructuring@6.23.0:
    resolution: {integrity: sha512-aNv/GDAW0j/f4Uy1OEPZn1mqD+Nfy9viFGBfQ5bZyT35YqOiqx7/tXdyfZkJ1sC21NyEsBdfDY6PYmLHF4r5iA==}

  babel-plugin-transform-es2015-duplicate-keys@6.24.1:
    resolution: {integrity: sha512-ossocTuPOssfxO2h+Z3/Ea1Vo1wWx31Uqy9vIiJusOP4TbF7tPs9U0sJ9pX9OJPf4lXRGj5+6Gkl/HHKiAP5ug==}

  babel-plugin-transform-es2015-for-of@6.23.0:
    resolution: {integrity: sha512-DLuRwoygCoXx+YfxHLkVx5/NpeSbVwfoTeBykpJK7JhYWlL/O8hgAK/reforUnZDlxasOrVPPJVI/guE3dCwkw==}

  babel-plugin-transform-es2015-function-name@6.24.1:
    resolution: {integrity: sha512-iFp5KIcorf11iBqu/y/a7DK3MN5di3pNCzto61FqCNnUX4qeBwcV1SLqe10oXNnCaxBUImX3SckX2/o1nsrTcg==}

  babel-plugin-transform-es2015-literals@6.22.0:
    resolution: {integrity: sha512-tjFl0cwMPpDYyoqYA9li1/7mGFit39XiNX5DKC/uCNjBctMxyL1/PT/l4rSlbvBG1pOKI88STRdUsWXB3/Q9hQ==}

  babel-plugin-transform-es2015-modules-amd@6.24.1:
    resolution: {integrity: sha512-LnIIdGWIKdw7zwckqx+eGjcS8/cl8D74A3BpJbGjKTFFNJSMrjN4bIh22HY1AlkUbeLG6X6OZj56BDvWD+OeFA==}

  babel-plugin-transform-es2015-modules-commonjs@6.26.2:
    resolution: {integrity: sha512-CV9ROOHEdrjcwhIaJNBGMBCodN+1cfkwtM1SbUHmvyy35KGT7fohbpOxkE2uLz1o6odKK2Ck/tz47z+VqQfi9Q==}

  babel-plugin-transform-es2015-modules-systemjs@6.24.1:
    resolution: {integrity: sha512-ONFIPsq8y4bls5PPsAWYXH/21Hqv64TBxdje0FvU3MhIV6QM2j5YS7KvAzg/nTIVLot2D2fmFQrFWCbgHlFEjg==}

  babel-plugin-transform-es2015-modules-umd@6.24.1:
    resolution: {integrity: sha512-LpVbiT9CLsuAIp3IG0tfbVo81QIhn6pE8xBJ7XSeCtFlMltuar5VuBV6y6Q45tpui9QWcy5i0vLQfCfrnF7Kiw==}

  babel-plugin-transform-es2015-object-super@6.24.1:
    resolution: {integrity: sha512-8G5hpZMecb53vpD3mjs64NhI1au24TAmokQ4B+TBFBjN9cVoGoOvotdrMMRmHvVZUEvqGUPWL514woru1ChZMA==}

  babel-plugin-transform-es2015-parameters@6.24.1:
    resolution: {integrity: sha512-8HxlW+BB5HqniD+nLkQ4xSAVq3bR/pcYW9IigY+2y0dI+Y7INFeTbfAQr+63T3E4UDsZGjyb+l9txUnABWxlOQ==}

  babel-plugin-transform-es2015-shorthand-properties@6.24.1:
    resolution: {integrity: sha512-mDdocSfUVm1/7Jw/FIRNw9vPrBQNePy6wZJlR8HAUBLybNp1w/6lr6zZ2pjMShee65t/ybR5pT8ulkLzD1xwiw==}

  babel-plugin-transform-es2015-spread@6.22.0:
    resolution: {integrity: sha512-3Ghhi26r4l3d0Js933E5+IhHwk0A1yiutj9gwvzmFbVV0sPMYk2lekhOufHBswX7NCoSeF4Xrl3sCIuSIa+zOg==}

  babel-plugin-transform-es2015-sticky-regex@6.24.1:
    resolution: {integrity: sha512-CYP359ADryTo3pCsH0oxRo/0yn6UsEZLqYohHmvLQdfS9xkf+MbCzE3/Kolw9OYIY4ZMilH25z/5CbQbwDD+lQ==}

  babel-plugin-transform-es2015-template-literals@6.22.0:
    resolution: {integrity: sha512-x8b9W0ngnKzDMHimVtTfn5ryimars1ByTqsfBDwAqLibmuuQY6pgBQi5z1ErIsUOWBdw1bW9FSz5RZUojM4apg==}

  babel-plugin-transform-es2015-typeof-symbol@6.23.0:
    resolution: {integrity: sha512-fz6J2Sf4gYN6gWgRZaoFXmq93X+Li/8vf+fb0sGDVtdeWvxC9y5/bTD7bvfWMEq6zetGEHpWjtzRGSugt5kNqw==}

  babel-plugin-transform-es2015-unicode-regex@6.24.1:
    resolution: {integrity: sha512-v61Dbbihf5XxnYjtBN04B/JBvsScY37R1cZT5r9permN1cp+b70DY3Ib3fIkgn1DI9U3tGgBJZVD8p/mE/4JbQ==}

  babel-plugin-transform-exponentiation-operator@6.24.1:
    resolution: {integrity: sha512-LzXDmbMkklvNhprr20//RStKVcT8Cu+SQtX18eMHLhjHf2yFzwtQ0S2f0jQ+89rokoNdmwoSqYzAhq86FxlLSQ==}

  babel-plugin-transform-regenerator@6.26.0:
    resolution: {integrity: sha512-LS+dBkUGlNR15/5WHKe/8Neawx663qttS6AGqoOUhICc9d1KciBvtrQSuc0PI+CxQ2Q/S1aKuJ+u64GtLdcEZg==}

  babel-plugin-transform-strict-mode@6.24.1:
    resolution: {integrity: sha512-j3KtSpjyLSJxNoCDrhwiJad8kw0gJ9REGj8/CqL0HeRyLnvUNYV9zcqluL6QJSXh3nfsLEmSLvwRfGzrgR96Pw==}

  babel-preset-env@1.7.0:
    resolution: {integrity: sha512-9OR2afuKDneX2/q2EurSftUYM0xGu4O2D9adAhVfADDhrYDaxXV0rBbevVYoY9n6nyX1PmQW/0jtpJvUNr9CHg==}

  babel-runtime@6.26.0:
    resolution: {integrity: sha512-ITKNuq2wKlW1fJg9sSW52eepoYgZBggvOAHC0u/CYu/qxQ9EVzThCgR69BnSXLHjy2f7SY5zaQ4yt7H9ZVxY2g==}

  babel-template@6.26.0:
    resolution: {integrity: sha512-PCOcLFW7/eazGUKIoqH97sO9A2UYMahsn/yRQ7uOk37iutwjq7ODtcTNF+iFDSHNfkctqsLRjLP7URnOx0T1fg==}

  babel-traverse@6.26.0:
    resolution: {integrity: sha512-iSxeXx7apsjCHe9c7n8VtRXGzI2Bk1rBSOJgCCjfyXb6v1aCqE1KSEpq/8SXuVN8Ka/Rh1WDTF0MDzkvTA4MIA==}

  babel-types@6.26.0:
    resolution: {integrity: sha512-zhe3V/26rCWsEZK8kZN+HaQj5yQ1CilTObixFzKW1UWjqG7618Twz6YEsCnjfg5gBcJh02DrpCkS9h98ZqDY+g==}

  babylon@6.18.0:
    resolution: {integrity: sha512-q/UEjfGJ2Cm3oKV71DJz9d25TPnq5rhBVL2Q4fA5wcC3jcrdn7+SssEybFIxwAvvP+YCsCYNKughoF33GxgycQ==}
    hasBin: true

  backoff@2.5.0:
    resolution: {integrity: sha512-wC5ihrnUXmR2douXmXLCe5O3zg3GKIyvRi/hi58a/XyRxVI+3/yM0PYueQOZXPXQ9pxBislYkw+sF9b7C/RuMA==}
    engines: {node: '>= 0.6'}

  base64-js@1.5.1:
    resolution: {integrity: sha512-AKpaYlHn8t4SVbOHCy+b5+KKgvR4vrsD8vbvrbiQJps7fKDTkjkDry6ji0rUJjC0kzbNePLwzxq8iypo41qeWA==}

  browserslist@3.2.8:
    resolution: {integrity: sha512-WHVocJYavUwVgVViC0ORikPHQquXwVh939TaelZ4WDqpWgTX/FsGhl/+P4qBUAGcRvtOgDgC+xftNWWp2RUTAQ==}
    hasBin: true

  buffer@4.9.2:
    resolution: {integrity: sha512-xq+q3SRMOxGivLhBNaUdC64hDTQwejJ+H0T/NB1XMtTVEwNTrfFF3gAxiyW0Bu/xWEGhjVKgUcMhCrUy2+uCWg==}

  call-bind-apply-helpers@1.0.2:
    resolution: {integrity: sha512-Sp1ablJ0ivDkSzjcaJdxEunN5/XvksFJ2sMBFfq6x0ryhQV/2b/KwFe21cMpmHtPOSij8K99/wSfoEuTObmuMQ==}
    engines: {node: '>= 0.4'}

  call-bind@1.0.8:
    resolution: {integrity: sha512-oKlSFMcMwpUg2ednkhQ454wfWiU/ul3CkJe/PEHcTKuiX6RpbehUiFMXu13HalGZxfUwCQzZG747YXBn1im9ww==}
    engines: {node: '>= 0.4'}

  call-bound@1.0.4:
    resolution: {integrity: sha512-+ys997U96po4Kx/ABpBCqhA9EuxJaQWDQg7295H4hBphv3IZg0boBKuwYpt4YXp6MZ5AmZQnU/tyMTlRpaSejg==}
    engines: {node: '>= 0.4'}

  caniuse-lite@1.0.30001715:
    resolution: {integrity: sha512-7ptkFGMm2OAOgvZpwgA4yjQ5SQbrNVGdRjzH0pBdy1Fasvcr+KAeECmbCAECzTuDuoX0FCY8KzUxjf9+9kfZEw==}

  chalk@1.1.3:
    resolution: {integrity: sha512-U3lRVLMSlsCfjqYPbLyVv11M9CPW4I728d6TCKMAOJueEeB9/8o+eSsMnxPJD+Q+K909sdESg7C+tIkoH6on1A==}
    engines: {node: '>=0.10.0'}

  core-js@2.6.12:
    resolution: {integrity: sha512-Kb2wC0fvsWfQrgk8HU5lW6U/Lcs8+9aaYcy4ZFc6DDlo4nZ7n70dEgE5rtR0oG6ufKDUnrwfWL1mXR5ljDatrQ==}
    deprecated: core-js@<3.23.3 is no longer maintained and not recommended for usage due to the number of issues. Because of the V8 engine whims, feature detection in old core-js versions could cause a slowdown up to 100x even if nothing is polyfilled. Some versions have web compatibility issues. Please, upgrade your dependencies to the actual version of core-js.

  core-util-is@1.0.3:
    resolution: {integrity: sha512-ZQBvi1DcpJ4GDqanjucZ2Hj3wEO5pZDS89BWbkcrvdxksJorwUDDZamX9ldFkp9aw2lmBDLgkObEA4DWNJ9FYQ==}

  date-extended@0.0.6:
    resolution: {integrity: sha512-v9a2QLTVn1GQGXf02TQaSvNfeXA/V1FL2Tr0OQYqjI5+L9T5jEtCpLYG01sxFk+m1OtwMxydkKa8NKcflANAoQ==}

  debug@2.6.9:
    resolution: {integrity: sha512-bC7ElrdJaJnPbAP+1EotYvqZsb3ecl5wi6Bfi6BJTUcNowp6cvspg0jXznRTKDjm/E7AdgFBVeAPVMNcKGsHMA==}
    peerDependencies:
      supports-color: '*'
    peerDependenciesMeta:
      supports-color:
        optional: true

  declare.js@0.0.8:
    resolution: {integrity: sha512-O659hy1gcHef7JnwtqdQlrj2c5DAEgtxm8pgFXofW7eUE1L4FjsSLlziovWcrOJAOFlEPaOJshY+0hBWCG/AnA==}

  deep-diff@0.3.8:
    resolution: {integrity: sha512-yVn6RZmHiGnxRKR9sJb3iVV2XTF1Ghh2DiWRZ3dMnGc43yUdWWF/kX6lQyk3+P84iprfWKU/8zFTrlkvtFm1ug==}

  define-data-property@1.1.4:
    resolution: {integrity: sha512-rBMvIzlpA8v6E+SJZoo++HAYqsLrkg7MSfIinMPFhmkorw7X+dOXVJQs+QT69zGkzMyfDnIMN2Wid1+NbL3T+A==}
    engines: {node: '>= 0.4'}

  dunder-proto@1.0.1:
    resolution: {integrity: sha512-KIN/nDJBQRcXw0MLVhZE9iQHmG68qAVIBg9CqmUYjmQIhgij9U5MFvrqkUL5FbtyyzZuOeOt0zdeRe4UY7ct+A==}
    engines: {node: '>= 0.4'}

  duplexer@0.1.2:
    resolution: {integrity: sha512-jtD6YG370ZCIi/9GTaJKQxWTZD045+4R4hTk/x1UyoqadyJ9x9CgSi1RlVDQF8U2sxLLSnFkCaMihqljHIWgMg==}

  duplexify@3.7.1:
    resolution: {integrity: sha512-07z8uv2wMyS51kKhD1KsdXJg5WQ6t93RneqRxUHnskXVtlYYkLqM0gqStQZ3pj073g687jPCHrqNfCzawLYh5g==}

  electron-to-chromium@1.5.139:
    resolution: {integrity: sha512-GGnRYOTdN5LYpwbIr0rwP/ZHOQSvAF6TG0LSzp28uCBb9JiXHJGmaaKw29qjNJc5bGnnp6kXJqRnGMQoELwi5w==}

  end-of-stream@1.4.4:
    resolution: {integrity: sha512-+uw1inIHVPQoaVuHzRyXd21icM+cnt4CzD5rW+NC1wjOUSTOs+Te7FOv7AhN7vS9x/oIyhLP5PR1H+phQAHu5Q==}

  es-define-property@1.0.1:
    resolution: {integrity: sha512-e3nRfgfUZ4rNGL232gUgX06QNyyez04KdjFrF+LTRoOXmrOgFKDg4BCdsjW8EnT69eqdYGmRpJwiPVYNrCaW3g==}
    engines: {node: '>= 0.4'}

  es-errors@1.3.0:
    resolution: {integrity: sha512-Zf5H2Kxt2xjTvbJvP2ZWLEICxA6j+hAmMzIlypy4xcBg1vKVnx89Wy0GbS+kf5cwCVFFzdCFh2XSCFNULS6csw==}
    engines: {node: '>= 0.4'}

  es-object-atoms@1.1.1:
    resolution: {integrity: sha512-FGgH2h8zKNim9ljj7dankFPcICIK9Cp5bm+c2gQSYePhpaG5+esrLODihIorn+Pe6FGJzWhXQotPv73jTaldXA==}
    engines: {node: '>= 0.4'}

  escape-string-regexp@1.0.5:
    resolution: {integrity: sha512-vbRorB5FUQWvla16U8R/qgaFIya2qGzwDrNmCZuYKrbdSUMG6I1ZCGQRefkRVhuOkIGVne7BQ35DSfo1qvJqFg==}
    engines: {node: '>=0.8.0'}

  esutils@2.0.3:
    resolution: {integrity: sha512-kVscqXk4OCp68SZ0dkgEKVi6/8ij300KBWTJq32P/dYeWTSwK41WyTxalN1eRmA5Z9UU/LX9D7FWSmV9SAYx6g==}
    engines: {node: '>=0.10.0'}

  event-stream@4.0.1:
    resolution: {integrity: sha512-qACXdu/9VHPBzcyhdOWR5/IahhGMf0roTeZJfzz077GwylcDd90yOHLouhmv7GJ5XzPi6ekaQWd8AvPP2nOvpA==}

  events@1.1.1:
    resolution: {integrity: sha512-kEcvvCBByWXGnZy6JUlgAp2gBIUjfCAV6P6TgT1/aaQKcmuAEC4OZTV1I4EWQLz2gxZw76atuVyvHhTxvi0Flw==}
    engines: {node: '>=0.4.x'}

  extend@3.0.2:
    resolution: {integrity: sha512-fjquC59cD7CyW6urNXK0FBufkZcoiGG80wTuPujX590cB5Ttln20E2UB4S/WARVqhXffZl2LNgS+gQdPIIim/g==}

  extended@0.0.6:
    resolution: {integrity: sha512-rvAV3BDGsV1SYGzUOu7aO0k82quhfl0QAyZudYhAcTeIr1rPbBnyOhOlkCLwLpDfP7HyKAWAPNSjRb9p7lE3rg==}

  extender@0.0.10:
    resolution: {integrity: sha512-iPLUHZJaNW6RuOShQX33ZpewEUIlijFBcsXnKWyiYERKWPsFxfKgx8J0xRz29hKQWPFFPACgBW6cHM7Ke1pfaA==}

  fast-csv@2.5.0:
    resolution: {integrity: sha512-M/9ezLU9/uDwvDZTt9sNFJa0iLDUsbhYJwPtnE0D9MjeuB6DY9wRCyUPZta9iI6cSz5wBWGaUPL61QH8h92cNA==}
    engines: {node: '>=4.0.0'}

  flush-write-stream@1.1.1:
    resolution: {integrity: sha512-3Z4XhFZ3992uIq0XOqb9AreonueSYphE6oYbpt5+3u06JWklbsPkNv3ZKkP9Bz/r+1MWCaMoSQ28P85+1Yc77w==}

  for-each@0.3.5:
    resolution: {integrity: sha512-dKx12eRCVIzqCxFGplyFKJMPvLEWgmNtUrpTiJIR5u97zEhRG8ySrtboPHZXx7daLxQVrl643cTzbab2tkQjxg==}
    engines: {node: '>= 0.4'}

  from@0.1.7:
    resolution: {integrity: sha512-twe20eF1OxVxp/ML/kq2p1uc6KvFK/+vs8WjEbeKmV2He22MKm7YF2ANIt+EOqhJ5L3K/SuuPhk0hWQDjOM23g==}

  function-bind@1.1.2:
    resolution: {integrity: sha512-7XHNxH7qX9xG5mIwxkhumTox/MIRNcOgDrxWsMt2pAr23WHp6MrRlN7FBSFpCpr+oVO0F744iUgR82nJMfG2SA==}

  get-intrinsic@1.3.0:
    resolution: {integrity: sha512-9fSjSaos/fRIVIp+xSJlE6lfwhES7LNtKaCBIamHsjr2na1BiABJPo0mOjjz8GJDURarmCPGqaiVg5mfjb98CQ==}
    engines: {node: '>= 0.4'}

  get-proto@1.0.1:
    resolution: {integrity: sha512-sTSfBjoXBp89JvIKIefqw7U2CCebsc74kiY6awiGogKtoSGbgjYE/G/+l9sF3MWFPNc9IcoOC4ODfKHfxFmp0g==}
    engines: {node: '>= 0.4'}

  globals@9.18.0:
    resolution: {integrity: sha512-S0nG3CLEQiY/ILxqtztTWH/3iRRdyBLw6KMDxnKMchrtbj2OFmehVh0WUCfW3DUrIgx/qFrJPICrq4Z4sTR9UQ==}
    engines: {node: '>=0.10.0'}

  gopd@1.2.0:
    resolution: {integrity: sha512-ZUKRh6/kUFoAiTAtTYPZJ3hw9wNxx+BIBOijnlG9PnrJsCcSjs1wyyD6vJpaYtgnzDrKYRSqf3OO6Rfa93xsRg==}
    engines: {node: '>= 0.4'}

  has-ansi@2.0.0:
    resolution: {integrity: sha512-C8vBJ8DwUCx19vhm7urhTuUsr4/IyP6l4VzNQDv+ryHQObW3TTTp9yB68WpYgRe2bbaGuZ/se74IqFeVnMnLZg==}
    engines: {node: '>=0.10.0'}

  has-property-descriptors@1.0.2:
    resolution: {integrity: sha512-55JNKuIW+vq4Ke1BjOTjM2YctQIvCT7GFzHwmfZPGo5wnrgkid0YQtnAleFSqumZm4az3n2BS+erby5ipJdgrg==}

  has-symbols@1.1.0:
    resolution: {integrity: sha512-1cDNdwJ2Jaohmb3sg4OmKaMBwuC48sYni5HUw2DvsC8LjGTLK9h+eb1X6RyuOHe4hT0ULCW68iomhjUoKUqlPQ==}
    engines: {node: '>= 0.4'}

  has-tostringtag@1.0.2:
    resolution: {integrity: sha512-NqADB8VjPFLM2V0VvHUewwwsw0ZWBaIdgo+ieHtK3hasLz4qeCRjYcqfB6AQrBggRKppKF8L52/VqdVsO47Dlw==}
    engines: {node: '>= 0.4'}

  hasown@2.0.2:
    resolution: {integrity: sha512-0hJU9SCPvmMzIBdZFqNPXWa6dqh7WdH0cII9y+CyS8rG3nL48Bclra9HmKhVVUHyPWNH5Y7xDwAB7bfgSjkUMQ==}
    engines: {node: '>= 0.4'}

  ieee754@1.1.13:
    resolution: {integrity: sha512-4vf7I2LYV/HaWerSo3XmlMkp5eZ83i+/CDluXi/IGTs/O1sejBNhTtnxzmRZfvOUqj7lZjqHkeTvpgSFDlWZTg==}

  inherits@2.0.4:
    resolution: {integrity: sha512-k/vGaX4/Yla3WzyMCvTQOXYeIHvqOKtnqBduzTHpzpQZzAskKMhZ2K+EnBiSM9zGSoIFeMpXKxa4dYeZIQqewQ==}

  ini@1.3.8:
    resolution: {integrity: sha512-JV/yugV2uzW5iMRSiZAyDtQd+nxtUnjeLt0acNdw98kKLrvuRVyB80tsREOE7yvGVgalhZ6RNXCmEHkUKBKxew==}

  invariant@2.2.4:
    resolution: {integrity: sha512-phJfQVBuaJM5raOpJjSfkiD6BpbCE4Ns//LaXl6wGYtUBY83nWS6Rf9tXm2e8VaK60JEjYldbPif/A2B1C2gNA==}

  is-arguments@1.2.0:
    resolution: {integrity: sha512-7bVbi0huj/wrIAOzb8U1aszg9kdi3KN/CyU19CTI7tAoZYEZoL9yCDXpbXN+uPsuWnP02cyug1gleqq+TU+YCA==}
    engines: {node: '>= 0.4'}

  is-callable@1.2.7:
    resolution: {integrity: sha512-1BC0BVFhS/p0qtw6enp8e+8OD0UrK0oFLztSjNzhcKA3WDuJxxAPXzPuPtKkjEY9UUoEWlX/8fgKeu2S8i9JTA==}
    engines: {node: '>= 0.4'}

  is-extended@0.0.10:
    resolution: {integrity: sha512-qp+HR+L9QXbgFurvqiVgD+JiGyUboRgICNzCXmbiLtZBFVSNFbxRsI4q7Be9mCWTO5PoO1IxoWp5sl+j5b83FA==}

  is-generator-function@1.1.0:
    resolution: {integrity: sha512-nPUB5km40q9e8UfN/Zc24eLlzdSf9OfKByBw9CIdw4H1giPMeA0OIJvbchsCu4npfI2QcMVBsGEBHKZ7wLTWmQ==}
    engines: {node: '>= 0.4'}

  is-regex@1.2.1:
    resolution: {integrity: sha512-MjYsKHO5O7mCsmRGxWcLWheFqN9DJ/2TmngvjKXihe6efViPqc274+Fx/4fYj/r03+ESvBdTXK0V6tA3rgez1g==}
    engines: {node: '>= 0.4'}

  is-typed-array@1.1.15:
    resolution: {integrity: sha512-p3EcsicXjit7SaskXHs1hA91QxgTw46Fv6EFKKGS5DRFLD8yKnohjF3hxoju94b/OcMZoQukzpPpBE9uLVKzgQ==}
    engines: {node: '>= 0.4'}

  isarray@1.0.0:
    resolution: {integrity: sha512-VLghIWNM6ELQzo7zwmcg0NmTVyWKYjvIeM83yjp0wRDTmUnrM678fQbcKBo6n2CJEF0szoG//ytg+TKla89ALQ==}

  jmespath@0.16.0:
    resolution: {integrity: sha512-9FzQjJ7MATs1tSpnco1K6ayiYE3figslrXA72G2HQ/n76RzvYlofyi5QM+iX4YRs/pu3yzxlVQSST23+dMDknw==}
    engines: {node: '>= 0.6.0'}

  js-tokens@3.0.2:
    resolution: {integrity: sha512-RjTcuD4xjtthQkaWH7dFlH85L+QaVtSoOyGdZ3g6HFhS9dFNDfLyqgm2NFe2X6cQpeFmt0452FJjFG5UameExg==}

  js-tokens@4.0.0:
    resolution: {integrity: sha512-RdJUflcE3cUzKiMqQgsCu06FPu9UdIJO0beYbPhHN4k6apgJtifcoCtT9bcxOpYBtpD2kCM6Sbzg4CausW/PKQ==}

  jsesc@0.5.0:
    resolution: {integrity: sha512-uZz5UnB7u4T9LvwmFqXii7pZSouaRPorGs5who1Ip7VO0wxanFvBL7GkM6dTHlgX+jhBApRetaWpnDabOeTcnA==}
    hasBin: true

  leo-config@1.1.0:
    resolution: {integrity: sha512-h6G8cz/yBdkWG2pDfDLUsJ0cFkxXrfjkRni312REly5BwLTDliQecJYeYs9xjwKCxnub6QIMdwO8Ep2kgs2Lvw==}

  leo-logger@1.0.7:
    resolution: {integrity: sha512-/72+KNRJfde5PqYXi6RvcT+SUXnsVFLrNzkKoqVBPekNTd332Hf27J5iUzcOr1Oji2bHmD2edKeBq4GKlCk2Ww==}

  leo-sdk@2.3.1:
    resolution: {integrity: sha512-jPFUeLhGE4wIsOJTgGJbhy9VEGhH0Al6Ki+w5Wx32v//m+Umupl2TR6h26Wx8iiMcnG8dNfDxvFfxhV4UEhBIA==}

  lodash.merge@4.6.2:
    resolution: {integrity: sha512-0KpjqXRVvrYyCsX1swR/XTK0va6VQkQM6MNo7PqW77ByjAhoARA8EfrP1N4+KlKj8YS0ZUCtRT/YUuhyYDujIQ==}

  lodash@4.17.21:
    resolution: {integrity: sha512-v2kDEe57lecTulaDIuNTPy3Ry4gLGJ6Z1O3vE1krgXZNrsQ+LFTGHVxVjcXPs17LhbZVGedAJv8XZ1tvj5FvSg==}

  loose-envify@1.4.0:
    resolution: {integrity: sha512-lyuxPGr/Wfhrlem2CL/UcnUc1zcqKAImBDzukY7Y5F/yQiNdko6+fRLevlw1HgMySw7f611UIY408EtxRSoK3Q==}
    hasBin: true

  map-stream@0.0.7:
    resolution: {integrity: sha512-C0X0KQmGm3N2ftbTGBhSyuydQ+vV1LC3f3zPvT3RXHXNZrvfPZcoXp/N5DOa8vedX/rTMm2CjTtivFg2STJMRQ==}

  math-intrinsics@1.1.0:
    resolution: {integrity: sha512-/IXtbwEk5HTPyEwyKX6hGkYXxM9nbj64B+ilVJnC/R6B0pH5G4V3b0pVbL7DBj4tkhBAppbQUlf6F6Xl9LHu1g==}
    engines: {node: '>= 0.4'}

  moment@2.30.1:
    resolution: {integrity: sha512-uEmtNhbDOrWPFS+hdjFCBfy9f2YoyzRpwcl+DqpC6taX21FzsTLQVbMV/W7PzNSX6x/bhC1zA3c2UQ5NzH6how==}

  ms@2.0.0:
    resolution: {integrity: sha512-Tpp60P6IUJDTuOq/5Z8cdskzJujfwqfOTkrwIwj7IRISpnkJnT6SyJ4PCPnGMoFjC9ddhal5KVIYtAt97ix05A==}

  object-extended@0.0.7:
    resolution: {integrity: sha512-2LJYIacEXoZ1glGkAZuvA/4pfJM4Y1ShReAo9jWpBSuz89TiUCdiPqhGJJ6m97F3WjhCSRwrbgaxYEAm9dRYBw==}

  once@1.4.0:
    resolution: {integrity: sha512-lNaJgI+2Q5URQBkccEKHTQOPaXdUxnZZElQTZY0MFUAuaEqe1E+Nyvgdz/aIyNi6Z9MzO5dv1H8n58/GELp3+w==}

  pause-stream@0.0.11:
    resolution: {integrity: sha512-e3FBlXLmN/D1S+zHzanP4E/4Z60oFAa3O051qt1pxa7DEJWKAyil6upYVXCWadEnuoqa4Pkc9oUx9zsxYeRv8A==}

  possible-typed-array-names@1.1.0:
    resolution: {integrity: sha512-/+5VFTchJDoVj3bhoqi6UeymcD00DAwb1nJwamzPvHEszJ4FpF6SNNbUbOS8yI56qHzdV8eK0qEfOSiodkTdxg==}
    engines: {node: '>= 0.4'}

  precond@0.2.3:
    resolution: {integrity: sha512-QCYG84SgGyGzqJ/vlMsxeXd/pgL/I94ixdNFyh1PusWmTCyVfPJjZ1K1jvHtsbfnXQs2TSkEP2fR7QiMZAnKFQ==}
    engines: {node: '>= 0.6'}

  private@0.1.8:
    resolution: {integrity: sha512-VvivMrbvd2nKkiG38qjULzlc+4Vx4wm/whI9pQD35YrARNnhxeiRktSOhSukRLFNlzg6Br/cJPet5J/u19r/mg==}
    engines: {node: '>= 0.6'}

  process-nextick-args@2.0.1:
    resolution: {integrity: sha512-3ouUOpQhtgrbOa17J7+uxOTpITYWaGP7/AhoR3+A+/1e9skrzelGi/dXzEYyvbxubEF6Wn2ypscTKiKJFFn1ag==}

  pump@1.0.3:
    resolution: {integrity: sha512-8k0JupWme55+9tCVE+FS5ULT3K6AbgqrGa58lTT49RpyfwwcGedHqaC5LlQNdEAumn/wFsu6aPwkuPMioy8kqw==}

  pump@2.0.1:
    resolution: {integrity: sha512-ruPMNRkN3MHP1cWJc9OWr+T/xDP0jhXYCLfJcBuX54hhfIBnaQmAUMfDcG4DM5UMWByBbJY69QSphm3jtDKIkA==}

  pumpify@1.5.1:
    resolution: {integrity: sha512-oClZI37HvuUJJxSKKrC17bZ9Cu0ZYhEAGPsPUy9KlMUmv9dKX2o77RUmq7f3XjIxbwyGwYzbzQ1L2Ks8sIradQ==}

  punycode@1.3.2:
    resolution: {integrity: sha512-RofWgt/7fL5wP1Y7fxE7/EmTLzQVnB0ycyibJ0OOHIlJqTNzglYFxVwETOcIoJqJmpDXJ9xImDv+Fq34F/d4Dw==}

  querystring@0.2.0:
    resolution: {integrity: sha512-X/xY82scca2tau62i9mDyU9K+I+djTMUsvwf7xnUX5GLvVzgJybOJf4Y6o9Zx3oJK/LSXg5tTZBjwzqVPaPO2g==}
    engines: {node: '>=0.4.x'}
    deprecated: The querystring API is considered Legacy. new code should use the URLSearchParams API instead.

  readable-stream@2.3.8:
    resolution: {integrity: sha512-8p0AUk4XODgIewSi0l8Epjs+EVnWiK7NoDIEGU0HhE7+ZyY8D1IMY7odu5lRrFXGg71L15KG8QrPmum45RTtdA==}

  regenerate@1.4.2:
    resolution: {integrity: sha512-zrceR/XhGYU/d/opr2EKO7aRHUeiBI8qjtfHqADTwZd6Szfy16la6kqD0MIUs5z5hx6AaKa+PixpPrR289+I0A==}

  regenerator-runtime@0.11.1:
    resolution: {integrity: sha512-MguG95oij0fC3QV3URf4V2SDYGJhJnJGqvIIgdECeODCT98wSWDAJ94SSuVpYQUoTcGUIL6L4yNB7j1DFFHSBg==}

  regenerator-transform@0.10.1:
    resolution: {integrity: sha512-PJepbvDbuK1xgIgnau7Y90cwaAmO/LCLMI2mPvaXq2heGMR3aWW5/BQvYrhJ8jgmQjXewXvBjzfqKcVOmhjZ6Q==}

  regexpu-core@2.0.0:
    resolution: {integrity: sha512-tJ9+S4oKjxY8IZ9jmjnp/mtytu1u3iyIQAfmI51IKWH6bFf7XR1ybtaO6j7INhZKXOTYADk7V5qxaqLkmNxiZQ==}

  regjsgen@0.2.0:
    resolution: {integrity: sha512-x+Y3yA24uF68m5GA+tBjbGYo64xXVJpbToBaWCoSNSc1hdk6dfctaRWrNFTVJZIIhL5GxW8zwjoixbnifnK59g==}

  regjsparser@0.1.5:
    resolution: {integrity: sha512-jlQ9gYLfk2p3V5Ag5fYhA7fv7OHzd1KUH0PRP46xc3TgwjwgROIW572AfYg/X9kaNq/LJnu6oJcFRXlIrGoTRw==}
    hasBin: true

  safe-buffer@5.1.2:
    resolution: {integrity: sha512-Gd2UZBJDkXlY7GbJxfsE8/nvKkUEU1G38c1siN6QP6a9PT9MmHB8GnpscSmMJSoF8LOIrt8ud/wPtojys4G6+g==}

  safe-regex-test@1.1.0:
    resolution: {integrity: sha512-x/+Cz4YrimQxQccJf5mKEbIa1NzeCRNI5Ecl/ekmlYaampdNLPalVyIcCZNNH3MvmqBugV5TMYZXv0ljslUlaw==}
    engines: {node: '>= 0.4'}

  safer-buffer@2.1.2:
    resolution: {integrity: sha512-YZo3K82SD7Riyi0E1EQPojLz7kpepnSQI9IyPbHHg1XXXevb5dJI7tpyN2ADxGcQbHG7vcyRHk0cbwqcQriUtg==}

  sax@1.2.1:
    resolution: {integrity: sha512-8I2a3LovHTOpm7NV5yOyO8IHqgVsfK4+UuySrXU8YXkSRX7k6hCV9b3HrkKCr3nMpgj+0bmocaJJWpvp1oc7ZA==}

  semver@5.7.2:
    resolution: {integrity: sha512-cBznnQ9KjJqU67B52RMC65CMarK2600WFnbkcaiwWq3xy/5haFJlshgnpjovMVJ+Hff49d8GEn0b87C5pDQ10g==}
    hasBin: true

  set-function-length@1.2.2:
    resolution: {integrity: sha512-pgRc4hJ4/sNjWCSS9AmnS40x3bNMDTknHgL5UaMBTMyJnU90EgWh1Rz+MC9eFu4BuN/UwZjKQuY/1v3rM7HMfg==}
    engines: {node: '>= 0.4'}

  split2@2.2.0:
    resolution: {integrity: sha512-RAb22TG39LhI31MbreBgIuKiIKhVsawfTgEGqKHTK87aG+ul/PB8Sqoi3I7kVdRWiCfrKxK3uo4/YUkpNvhPbw==}

  split@1.0.1:
    resolution: {integrity: sha512-mTyOoPbrivtXnwnIxZRFYRrPNtEFKlpB2fvjSnCQUiAA6qAZzqwna5envK4uk6OIeP17CsdF3rSBGYVBsU0Tkg==}

  stream-combiner@0.2.2:
    resolution: {integrity: sha512-6yHMqgLYDzQDcAkL+tjJDC5nSNuNIx0vZtRZeiPh7Saef7VHX9H5Ijn9l2VIol2zaNYlYEX6KyuT/237A58qEQ==}

  stream-shift@1.0.3:
    resolution: {integrity: sha512-76ORR0DO1o1hlKwTbi/DM3EXWGf3ZJYO8cXX5RJwnul2DEg2oyoZyjLNoQM8WsvZiFKCRfC1O0J7iCvie3RZmQ==}

  string-extended@0.0.8:
    resolution: {integrity: sha512-CK46p3AxBvBhJbBi6WrF9bCcaWH20E4NwlLSzpooG2nXWvcP2gy2YR8VN6fSwZyrbcvL4S4zoNKbR0QG52X4rw==}

  string_decoder@1.1.1:
    resolution: {integrity: sha512-n/ShnvDi6FHbbVfviro+WojiFzv+s8MPMHBczVePfUpDJLwoLT0ht1l4YwBCbi8pJAveEEdnkHyPyTP/mzRfwg==}

  strip-ansi@3.0.1:
    resolution: {integrity: sha512-VhumSSbBqDTP8p2ZLKj40UjBCV4+v8bUSEpUb4KjRgWk9pbqGF4REFj6KEagidb2f/M6AzC0EmFyDNGaw9OCzg==}
    engines: {node: '>=0.10.0'}

  supports-color@2.0.0:
    resolution: {integrity: sha512-KKNVtd6pCYgPIKU4cp2733HWYCpplQhddZLBUryaAHou723x+FRzQ5Df824Fj+IyyuiQTRoub4SnIFfIcrp70g==}
    engines: {node: '>=0.8.0'}

  through2@2.0.5:
    resolution: {integrity: sha512-/mrRod8xqpA+IHSLyGCQ2s8SPHiCDEeQJSep1jqLYeEUClOFG2Qsh+4FU6G9VeqpZnGW/Su8LQGc4YKni5rYSQ==}

  through@2.3.8:
    resolution: {integrity: sha512-w89qg7PI8wAdvX60bMDP+bFoD5Dvhm9oLheFp5O4a2QF0cSBGsBX4qZmadPMvVqlLJBBci+WqGGOAPvcDeNSVg==}

  to-fast-properties@1.0.3:
    resolution: {integrity: sha512-lxrWP8ejsq+7E3nNjwYmUBMAgjMTZoTI+sdBOpvNyijeDLa29LUn9QaoXAHv4+Z578hbmHHJKZknzxVtvo77og==}
    engines: {node: '>=0.10.0'}

  url@0.10.3:
    resolution: {integrity: sha512-hzSUW2q06EqL1gKM/a+obYHLIO6ct2hwPuviqTTOcfFVc61UbfJ2Q32+uGL/HCPxKqrdGB5QUwIe7UqlDgwsOQ==}

  util-deprecate@1.0.2:
    resolution: {integrity: sha512-EPD5q1uXyFxJpCrLnCc1nHnq3gOa6DZBocAIiI2TaSCA7VCJ1UJDMagCzIkXNsUYfD1daK//LTEQ8xiIbrHtcw==}

  util@0.12.5:
    resolution: {integrity: sha512-kZf/K6hEIrWHI6XqOFUiiMa+79wE/D8Q+NCNAWclkyg3b4d2k7s0QGepNjiABc+aR3N1PAyHL7p6UcLY6LmrnA==}

  uuid@3.4.0:
    resolution: {integrity: sha512-HjSDRw6gZE5JMggctHBcjVak08+KEVhSIiDzFnT9S9aegmp85S/bReBVTb4QTFaRNptJ9kuYaNhnbNEOkbKb/A==}
    deprecated: Please upgrade  to version 7 or higher.  Older versions may use Math.random() in certain circumstances, which is known to be problematic.  See https://v8.dev/blog/math-random for details.
    hasBin: true

  uuid@8.0.0:
    resolution: {integrity: sha512-jOXGuXZAWdsTH7eZLtyXMqUb9EcWMGZNbL9YcGBJl4MH4nrxHmZJhEHvyLFrkxo+28uLb/NYRcStH48fnD0Vzw==}
    hasBin: true

  which-typed-array@1.1.19:
    resolution: {integrity: sha512-rEvr90Bck4WZt9HHFC4DJMsjvu7x+r6bImz0/BrbWb7A2djJ8hnZMrWnHo9F8ssv0OMErasDhftrfROTyqSDrw==}
    engines: {node: '>= 0.4'}

  wrappy@1.0.2:
    resolution: {integrity: sha512-l4Sp/DRseor9wL6EvV2+TuQn63dMkPjZ/sp9XkghTEbV9KlPS1xUsZ3u7/IQO4wxtcFB4bgpQPRcR3QCvezPcQ==}

  xml2js@0.6.2:
    resolution: {integrity: sha512-T4rieHaC1EXcES0Kxxj4JWgaUQHDk+qwHcYOCFHfiwKz7tOVPLq7Hjq9dM1WCMhylqMEfP7hMcOIChvotiZegA==}
    engines: {node: '>=4.0.0'}

  xmlbuilder@11.0.1:
    resolution: {integrity: sha512-fDlsI/kFEx7gLvbecc0/ohLG50fugQp8ryHzMTuW9vSa1GJ0XYWKnhsUx7oie3G98+r56aTQIUB4kht42R3JvA==}
    engines: {node: '>=4.0'}

  xtend@4.0.2:
    resolution: {integrity: sha512-LKYU1iAXJXUgAXn9URjiu+MWhyUXHsvfp7mcuYm9dSUKK0/CjtrUwFAxD82/mCWbtLsGjFIad0wIsod4zrTAEQ==}
    engines: {node: '>=0.4'}

snapshots:

  '@breejs/later@4.2.0': {}

  ansi-regex@2.1.1: {}

  ansi-styles@2.2.1: {}

  arguments-extended@0.0.3:
    dependencies:
      extended: 0.0.6
      is-extended: 0.0.10

  array-extended@0.0.11:
    dependencies:
      arguments-extended: 0.0.3
      extended: 0.0.6
      is-extended: 0.0.10

  async@2.6.4:
    dependencies:
      lodash: 4.17.21

  available-typed-arrays@1.0.7:
    dependencies:
      possible-typed-array-names: 1.1.0

  aws-sdk@2.1692.0:
    dependencies:
      buffer: 4.9.2
      events: 1.1.1
      ieee754: 1.1.13
      jmespath: 0.16.0
      querystring: 0.2.0
      sax: 1.2.1
      url: 0.10.3
      util: 0.12.5
      uuid: 8.0.0
      xml2js: 0.6.2

  babel-code-frame@6.26.0:
    dependencies:
      chalk: 1.1.3
      esutils: 2.0.3
      js-tokens: 3.0.2

  babel-helper-builder-binary-assignment-operator-visitor@6.24.1:
    dependencies:
      babel-helper-explode-assignable-expression: 6.24.1
      babel-runtime: 6.26.0
      babel-types: 6.26.0
    transitivePeerDependencies:
      - supports-color

  babel-helper-call-delegate@6.24.1:
    dependencies:
      babel-helper-hoist-variables: 6.24.1
      babel-runtime: 6.26.0
      babel-traverse: 6.26.0
      babel-types: 6.26.0
    transitivePeerDependencies:
      - supports-color

  babel-helper-define-map@6.26.0:
    dependencies:
      babel-helper-function-name: 6.24.1
      babel-runtime: 6.26.0
      babel-types: 6.26.0
      lodash: 4.17.21
    transitivePeerDependencies:
      - supports-color

  babel-helper-explode-assignable-expression@6.24.1:
    dependencies:
      babel-runtime: 6.26.0
      babel-traverse: 6.26.0
      babel-types: 6.26.0
    transitivePeerDependencies:
      - supports-color

  babel-helper-function-name@6.24.1:
    dependencies:
      babel-helper-get-function-arity: 6.24.1
      babel-runtime: 6.26.0
      babel-template: 6.26.0
      babel-traverse: 6.26.0
      babel-types: 6.26.0
    transitivePeerDependencies:
      - supports-color

  babel-helper-get-function-arity@6.24.1:
    dependencies:
      babel-runtime: 6.26.0
      babel-types: 6.26.0

  babel-helper-hoist-variables@6.24.1:
    dependencies:
      babel-runtime: 6.26.0
      babel-types: 6.26.0

  babel-helper-optimise-call-expression@6.24.1:
    dependencies:
      babel-runtime: 6.26.0
      babel-types: 6.26.0

  babel-helper-regex@6.26.0:
    dependencies:
      babel-runtime: 6.26.0
      babel-types: 6.26.0
      lodash: 4.17.21

  babel-helper-remap-async-to-generator@6.24.1:
    dependencies:
      babel-helper-function-name: 6.24.1
      babel-runtime: 6.26.0
      babel-template: 6.26.0
      babel-traverse: 6.26.0
      babel-types: 6.26.0
    transitivePeerDependencies:
      - supports-color

  babel-helper-replace-supers@6.24.1:
    dependencies:
      babel-helper-optimise-call-expression: 6.24.1
      babel-messages: 6.23.0
      babel-runtime: 6.26.0
      babel-template: 6.26.0
      babel-traverse: 6.26.0
      babel-types: 6.26.0
    transitivePeerDependencies:
      - supports-color

  babel-messages@6.23.0:
    dependencies:
      babel-runtime: 6.26.0

  babel-plugin-check-es2015-constants@6.22.0:
    dependencies:
      babel-runtime: 6.26.0

  babel-plugin-syntax-async-functions@6.13.0: {}

  babel-plugin-syntax-exponentiation-operator@6.13.0: {}

  babel-plugin-syntax-trailing-function-commas@6.22.0: {}

  babel-plugin-transform-async-to-generator@6.24.1:
    dependencies:
      babel-helper-remap-async-to-generator: 6.24.1
      babel-plugin-syntax-async-functions: 6.13.0
      babel-runtime: 6.26.0
    transitivePeerDependencies:
      - supports-color

  babel-plugin-transform-es2015-arrow-functions@6.22.0:
    dependencies:
      babel-runtime: 6.26.0

  babel-plugin-transform-es2015-block-scoped-functions@6.22.0:
    dependencies:
      babel-runtime: 6.26.0

  babel-plugin-transform-es2015-block-scoping@6.26.0:
    dependencies:
      babel-runtime: 6.26.0
      babel-template: 6.26.0
      babel-traverse: 6.26.0
      babel-types: 6.26.0
      lodash: 4.17.21
    transitivePeerDependencies:
      - supports-color

  babel-plugin-transform-es2015-classes@6.24.1:
    dependencies:
      babel-helper-define-map: 6.26.0
      babel-helper-function-name: 6.24.1
      babel-helper-optimise-call-expression: 6.24.1
      babel-helper-replace-supers: 6.24.1
      babel-messages: 6.23.0
      babel-runtime: 6.26.0
      babel-template: 6.26.0
      babel-traverse: 6.26.0
      babel-types: 6.26.0
    transitivePeerDependencies:
      - supports-color

  babel-plugin-transform-es2015-computed-properties@6.24.1:
    dependencies:
      babel-runtime: 6.26.0
      babel-template: 6.26.0
    transitivePeerDependencies:
      - supports-color

  babel-plugin-transform-es2015-destructuring@6.23.0:
    dependencies:
      babel-runtime: 6.26.0

  babel-plugin-transform-es2015-duplicate-keys@6.24.1:
    dependencies:
      babel-runtime: 6.26.0
      babel-types: 6.26.0

  babel-plugin-transform-es2015-for-of@6.23.0:
    dependencies:
      babel-runtime: 6.26.0

  babel-plugin-transform-es2015-function-name@6.24.1:
    dependencies:
      babel-helper-function-name: 6.24.1
      babel-runtime: 6.26.0
      babel-types: 6.26.0
    transitivePeerDependencies:
      - supports-color

  babel-plugin-transform-es2015-literals@6.22.0:
    dependencies:
      babel-runtime: 6.26.0

  babel-plugin-transform-es2015-modules-amd@6.24.1:
    dependencies:
      babel-plugin-transform-es2015-modules-commonjs: 6.26.2
      babel-runtime: 6.26.0
      babel-template: 6.26.0
    transitivePeerDependencies:
      - supports-color

  babel-plugin-transform-es2015-modules-commonjs@6.26.2:
    dependencies:
      babel-plugin-transform-strict-mode: 6.24.1
      babel-runtime: 6.26.0
      babel-template: 6.26.0
      babel-types: 6.26.0
    transitivePeerDependencies:
      - supports-color

  babel-plugin-transform-es2015-modules-systemjs@6.24.1:
    dependencies:
      babel-helper-hoist-variables: 6.24.1
      babel-runtime: 6.26.0
      babel-template: 6.26.0
    transitivePeerDependencies:
      - supports-color

  babel-plugin-transform-es2015-modules-umd@6.24.1:
    dependencies:
      babel-plugin-transform-es2015-modules-amd: 6.24.1
      babel-runtime: 6.26.0
      babel-template: 6.26.0
    transitivePeerDependencies:
      - supports-color

  babel-plugin-transform-es2015-object-super@6.24.1:
    dependencies:
      babel-helper-replace-supers: 6.24.1
      babel-runtime: 6.26.0
    transitivePeerDependencies:
      - supports-color

  babel-plugin-transform-es2015-parameters@6.24.1:
    dependencies:
      babel-helper-call-delegate: 6.24.1
      babel-helper-get-function-arity: 6.24.1
      babel-runtime: 6.26.0
      babel-template: 6.26.0
      babel-traverse: 6.26.0
      babel-types: 6.26.0
    transitivePeerDependencies:
      - supports-color

  babel-plugin-transform-es2015-shorthand-properties@6.24.1:
    dependencies:
      babel-runtime: 6.26.0
      babel-types: 6.26.0

  babel-plugin-transform-es2015-spread@6.22.0:
    dependencies:
      babel-runtime: 6.26.0

  babel-plugin-transform-es2015-sticky-regex@6.24.1:
    dependencies:
      babel-helper-regex: 6.26.0
      babel-runtime: 6.26.0
      babel-types: 6.26.0

  babel-plugin-transform-es2015-template-literals@6.22.0:
    dependencies:
      babel-runtime: 6.26.0

  babel-plugin-transform-es2015-typeof-symbol@6.23.0:
    dependencies:
      babel-runtime: 6.26.0

  babel-plugin-transform-es2015-unicode-regex@6.24.1:
    dependencies:
      babel-helper-regex: 6.26.0
      babel-runtime: 6.26.0
      regexpu-core: 2.0.0

  babel-plugin-transform-exponentiation-operator@6.24.1:
    dependencies:
      babel-helper-builder-binary-assignment-operator-visitor: 6.24.1
      babel-plugin-syntax-exponentiation-operator: 6.13.0
      babel-runtime: 6.26.0
    transitivePeerDependencies:
      - supports-color

  babel-plugin-transform-regenerator@6.26.0:
    dependencies:
      regenerator-transform: 0.10.1

  babel-plugin-transform-strict-mode@6.24.1:
    dependencies:
      babel-runtime: 6.26.0
      babel-types: 6.26.0

  babel-preset-env@1.7.0:
    dependencies:
      babel-plugin-check-es2015-constants: 6.22.0
      babel-plugin-syntax-trailing-function-commas: 6.22.0
      babel-plugin-transform-async-to-generator: 6.24.1
      babel-plugin-transform-es2015-arrow-functions: 6.22.0
      babel-plugin-transform-es2015-block-scoped-functions: 6.22.0
      babel-plugin-transform-es2015-block-scoping: 6.26.0
      babel-plugin-transform-es2015-classes: 6.24.1
      babel-plugin-transform-es2015-computed-properties: 6.24.1
      babel-plugin-transform-es2015-destructuring: 6.23.0
      babel-plugin-transform-es2015-duplicate-keys: 6.24.1
      babel-plugin-transform-es2015-for-of: 6.23.0
      babel-plugin-transform-es2015-function-name: 6.24.1
      babel-plugin-transform-es2015-literals: 6.22.0
      babel-plugin-transform-es2015-modules-amd: 6.24.1
      babel-plugin-transform-es2015-modules-commonjs: 6.26.2
      babel-plugin-transform-es2015-modules-systemjs: 6.24.1
      babel-plugin-transform-es2015-modules-umd: 6.24.1
      babel-plugin-transform-es2015-object-super: 6.24.1
      babel-plugin-transform-es2015-parameters: 6.24.1
      babel-plugin-transform-es2015-shorthand-properties: 6.24.1
      babel-plugin-transform-es2015-spread: 6.22.0
      babel-plugin-transform-es2015-sticky-regex: 6.24.1
      babel-plugin-transform-es2015-template-literals: 6.22.0
      babel-plugin-transform-es2015-typeof-symbol: 6.23.0
      babel-plugin-transform-es2015-unicode-regex: 6.24.1
      babel-plugin-transform-exponentiation-operator: 6.24.1
      babel-plugin-transform-regenerator: 6.26.0
      browserslist: 3.2.8
      invariant: 2.2.4
      semver: 5.7.2
    transitivePeerDependencies:
      - supports-color

  babel-runtime@6.26.0:
    dependencies:
      core-js: 2.6.12
      regenerator-runtime: 0.11.1

  babel-template@6.26.0:
    dependencies:
      babel-runtime: 6.26.0
      babel-traverse: 6.26.0
      babel-types: 6.26.0
      babylon: 6.18.0
      lodash: 4.17.21
    transitivePeerDependencies:
      - supports-color

  babel-traverse@6.26.0:
    dependencies:
      babel-code-frame: 6.26.0
      babel-messages: 6.23.0
      babel-runtime: 6.26.0
      babel-types: 6.26.0
      babylon: 6.18.0
      debug: 2.6.9
      globals: 9.18.0
      invariant: 2.2.4
      lodash: 4.17.21
    transitivePeerDependencies:
      - supports-color

  babel-types@6.26.0:
    dependencies:
      babel-runtime: 6.26.0
      esutils: 2.0.3
      lodash: 4.17.21
      to-fast-properties: 1.0.3

  babylon@6.18.0: {}

  backoff@2.5.0:
    dependencies:
      precond: 0.2.3

  base64-js@1.5.1: {}

  browserslist@3.2.8:
    dependencies:
      caniuse-lite: 1.0.30001715
      electron-to-chromium: 1.5.139

  buffer@4.9.2:
    dependencies:
      base64-js: 1.5.1
      ieee754: 1.1.13
      isarray: 1.0.0

  call-bind-apply-helpers@1.0.2:
    dependencies:
      es-errors: 1.3.0
      function-bind: 1.1.2

  call-bind@1.0.8:
    dependencies:
      call-bind-apply-helpers: 1.0.2
      es-define-property: 1.0.1
      get-intrinsic: 1.3.0
      set-function-length: 1.2.2

  call-bound@1.0.4:
    dependencies:
      call-bind-apply-helpers: 1.0.2
      get-intrinsic: 1.3.0

  caniuse-lite@1.0.30001715: {}

  chalk@1.1.3:
    dependencies:
      ansi-styles: 2.2.1
      escape-string-regexp: 1.0.5
      has-ansi: 2.0.0
      strip-ansi: 3.0.1
      supports-color: 2.0.0

  core-js@2.6.12: {}

  core-util-is@1.0.3: {}

  date-extended@0.0.6:
    dependencies:
      array-extended: 0.0.11
      extended: 0.0.6
      is-extended: 0.0.10

  debug@2.6.9:
    dependencies:
      ms: 2.0.0

  declare.js@0.0.8: {}

  deep-diff@0.3.8: {}

  define-data-property@1.1.4:
    dependencies:
      es-define-property: 1.0.1
      es-errors: 1.3.0
      gopd: 1.2.0

  dunder-proto@1.0.1:
    dependencies:
      call-bind-apply-helpers: 1.0.2
      es-errors: 1.3.0
      gopd: 1.2.0

  duplexer@0.1.2: {}

  duplexify@3.7.1:
    dependencies:
      end-of-stream: 1.4.4
      inherits: 2.0.4
      readable-stream: 2.3.8
      stream-shift: 1.0.3

  electron-to-chromium@1.5.139: {}

  end-of-stream@1.4.4:
    dependencies:
      once: 1.4.0

  es-define-property@1.0.1: {}

  es-errors@1.3.0: {}

  es-object-atoms@1.1.1:
    dependencies:
      es-errors: 1.3.0

  escape-string-regexp@1.0.5: {}

  esutils@2.0.3: {}

  event-stream@4.0.1:
    dependencies:
      duplexer: 0.1.2
      from: 0.1.7
      map-stream: 0.0.7
      pause-stream: 0.0.11
      split: 1.0.1
      stream-combiner: 0.2.2
      through: 2.3.8

  events@1.1.1: {}

  extend@3.0.2: {}

  extended@0.0.6:
    dependencies:
      extender: 0.0.10

  extender@0.0.10:
    dependencies:
      declare.js: 0.0.8

  fast-csv@2.5.0:
    dependencies:
      extended: 0.0.6
      is-extended: 0.0.10
      object-extended: 0.0.7
      safer-buffer: 2.1.2
      string-extended: 0.0.8

  flush-write-stream@1.1.1:
    dependencies:
      inherits: 2.0.4
      readable-stream: 2.3.8

  for-each@0.3.5:
    dependencies:
      is-callable: 1.2.7

  from@0.1.7: {}

  function-bind@1.1.2: {}

  get-intrinsic@1.3.0:
    dependencies:
      call-bind-apply-helpers: 1.0.2
      es-define-property: 1.0.1
      es-errors: 1.3.0
      es-object-atoms: 1.1.1
      function-bind: 1.1.2
      get-proto: 1.0.1
      gopd: 1.2.0
      has-symbols: 1.1.0
      hasown: 2.0.2
      math-intrinsics: 1.1.0

  get-proto@1.0.1:
    dependencies:
      dunder-proto: 1.0.1
      es-object-atoms: 1.1.1

  globals@9.18.0: {}

  gopd@1.2.0: {}

  has-ansi@2.0.0:
    dependencies:
      ansi-regex: 2.1.1

  has-property-descriptors@1.0.2:
    dependencies:
      es-define-property: 1.0.1

  has-symbols@1.1.0: {}

  has-tostringtag@1.0.2:
    dependencies:
      has-symbols: 1.1.0

  hasown@2.0.2:
    dependencies:
      function-bind: 1.1.2

  ieee754@1.1.13: {}

  inherits@2.0.4: {}

  ini@1.3.8: {}

  invariant@2.2.4:
    dependencies:
      loose-envify: 1.4.0

  is-arguments@1.2.0:
    dependencies:
      call-bound: 1.0.4
      has-tostringtag: 1.0.2

  is-callable@1.2.7: {}

  is-extended@0.0.10:
    dependencies:
      extended: 0.0.6

  is-generator-function@1.1.0:
    dependencies:
      call-bound: 1.0.4
      get-proto: 1.0.1
      has-tostringtag: 1.0.2
      safe-regex-test: 1.1.0

  is-regex@1.2.1:
    dependencies:
      call-bound: 1.0.4
      gopd: 1.2.0
      has-tostringtag: 1.0.2
      hasown: 2.0.2

  is-typed-array@1.1.15:
    dependencies:
      which-typed-array: 1.1.19

  isarray@1.0.0: {}

  jmespath@0.16.0: {}

  js-tokens@3.0.2: {}

  js-tokens@4.0.0: {}

  jsesc@0.5.0: {}

  leo-config@1.1.0:
    dependencies:
      lodash.merge: 4.6.2

  leo-logger@1.0.7:
    dependencies:
      lodash: 4.17.21

  leo-sdk@2.3.1:
    dependencies:
      async: 2.6.4
      aws-sdk: 2.1692.0
      backoff: 2.5.0
      event-stream: 4.0.1
      extend: 3.0.2
      fast-csv: 2.5.0
      flush-write-stream: 1.1.1
      ini: 1.3.8
      leo-config: 1.1.0
      leo-logger: 1.0.7
      lodash: 4.17.21
      moment: 2.30.1
      pump: 1.0.3
      pumpify: 1.5.1
      readable-stream: 2.3.8
      split2: 2.2.0
      through2: 2.0.5
      uuid: 3.4.0

  lodash.merge@4.6.2: {}

  lodash@4.17.21: {}

  loose-envify@1.4.0:
    dependencies:
      js-tokens: 4.0.0

  map-stream@0.0.7: {}

  math-intrinsics@1.1.0: {}

  moment@2.30.1: {}

  ms@2.0.0: {}

  object-extended@0.0.7:
    dependencies:
      array-extended: 0.0.11
      extended: 0.0.6
      is-extended: 0.0.10

  once@1.4.0:
    dependencies:
      wrappy: 1.0.2

  pause-stream@0.0.11:
    dependencies:
      through: 2.3.8

  possible-typed-array-names@1.1.0: {}

  precond@0.2.3: {}

  private@0.1.8: {}

  process-nextick-args@2.0.1: {}

  pump@1.0.3:
    dependencies:
      end-of-stream: 1.4.4
      once: 1.4.0

  pump@2.0.1:
    dependencies:
      end-of-stream: 1.4.4
      once: 1.4.0

  pumpify@1.5.1:
    dependencies:
      duplexify: 3.7.1
      inherits: 2.0.4
      pump: 2.0.1

  punycode@1.3.2: {}

  querystring@0.2.0: {}

  readable-stream@2.3.8:
    dependencies:
      core-util-is: 1.0.3
      inherits: 2.0.4
      isarray: 1.0.0
      process-nextick-args: 2.0.1
      safe-buffer: 5.1.2
      string_decoder: 1.1.1
      util-deprecate: 1.0.2

  regenerate@1.4.2: {}

  regenerator-runtime@0.11.1: {}

  regenerator-transform@0.10.1:
    dependencies:
      babel-runtime: 6.26.0
      babel-types: 6.26.0
      private: 0.1.8

  regexpu-core@2.0.0:
    dependencies:
      regenerate: 1.4.2
      regjsgen: 0.2.0
      regjsparser: 0.1.5

  regjsgen@0.2.0: {}

  regjsparser@0.1.5:
    dependencies:
      jsesc: 0.5.0

  safe-buffer@5.1.2: {}

  safe-regex-test@1.1.0:
    dependencies:
      call-bound: 1.0.4
      es-errors: 1.3.0
      is-regex: 1.2.1

  safer-buffer@2.1.2: {}

  sax@1.2.1: {}

  semver@5.7.2: {}

  set-function-length@1.2.2:
    dependencies:
      define-data-property: 1.1.4
      es-errors: 1.3.0
      function-bind: 1.1.2
      get-intrinsic: 1.3.0
      gopd: 1.2.0
      has-property-descriptors: 1.0.2

  split2@2.2.0:
    dependencies:
      through2: 2.0.5

  split@1.0.1:
    dependencies:
      through: 2.3.8

  stream-combiner@0.2.2:
    dependencies:
      duplexer: 0.1.2
      through: 2.3.8

  stream-shift@1.0.3: {}

  string-extended@0.0.8:
    dependencies:
      array-extended: 0.0.11
      date-extended: 0.0.6
      extended: 0.0.6
      is-extended: 0.0.10

  string_decoder@1.1.1:
    dependencies:
      safe-buffer: 5.1.2

  strip-ansi@3.0.1:
    dependencies:
      ansi-regex: 2.1.1

  supports-color@2.0.0: {}

  through2@2.0.5:
    dependencies:
      readable-stream: 2.3.8
      xtend: 4.0.2

  through@2.3.8: {}

  to-fast-properties@1.0.3: {}

  url@0.10.3:
    dependencies:
      punycode: 1.3.2
      querystring: 0.2.0

  util-deprecate@1.0.2: {}

  util@0.12.5:
    dependencies:
      inherits: 2.0.4
      is-arguments: 1.2.0
      is-generator-function: 1.1.0
      is-typed-array: 1.1.15
      which-typed-array: 1.1.19

  uuid@3.4.0: {}

  uuid@8.0.0: {}

  which-typed-array@1.1.19:
    dependencies:
      available-typed-arrays: 1.0.7
      call-bind: 1.0.8
      call-bound: 1.0.4
      for-each: 0.3.5
      get-proto: 1.0.1
      gopd: 1.2.0
      has-tostringtag: 1.0.2

  wrappy@1.0.2: {}

  xml2js@0.6.2:
    dependencies:
      sax: 1.2.1
      xmlbuilder: 11.0.1

  xmlbuilder@11.0.1: {}

  xtend@4.0.2: {}
